hooks:
- addr_jpn: 2157049152
  addr_jpn2: 2157049168
  addr_kor: 2157066720
  addr_ntsc: 2157049856
  addr_ntsc2: 2157049872
  addr_pal: 2157049856
  addr_pal2: 2157049872
  addr_twn: 2157066640
  data: 60000000 60000000 60000000 98830380
  name: PrepareReplay_SwitchPatch
  type: patch
- addr_jpn: 2148543128
  addr_jpn2: 2148543128
  addr_kor: 2148543784
  addr_ntsc: 2148543256
  addr_ntsc2: 2148543256
  addr_pal: 2148543528
  addr_pal2: 2148543528
  addr_twn: 2148543784
  data: 60000000 3B800001 60000000 3BC0002A 60000000 98830380
  name: MoveInfoFromWorldDataToStructArray_SwitchPatch
  type: patch
- branch_type: b
  name: BG_GM_InitRedSwitchFlag_SwitchPatch
  src_addr_jpn: 2147976400
  src_addr_jpn2: 2147976400
  src_addr_kor: 2147976720
  src_addr_ntsc: 2147976400
  src_addr_ntsc2: 2147976400
  src_addr_pal: 2147976400
  src_addr_pal2: 2147976400
  src_addr_twn: 2147976720
  target_func: BG_GM_InitRedSwitchFlag_Patch
  type: branch_insn
- branch_type: b
  name: ProcessTileNum_EndPatch
  src_addr_jpn: 2148014932
  src_addr_jpn2: 2148014932
  src_addr_kor: 2148015252
  src_addr_ntsc: 2148014932
  src_addr_ntsc2: 2148014932
  src_addr_pal: 2148014932
  src_addr_pal2: 2148014932
  src_addr_twn: 2148015252
  target_func: ProcessTileNum_EndPatch
  type: branch_insn
- branch_type: b
  name: CheckBehaviourOverride_EndPatch
  src_addr_jpn: 2148014668
  src_addr_jpn2: 2148014668
  src_addr_kor: 2148014988
  src_addr_ntsc: 2148014668
  src_addr_ntsc2: 2148014668
  src_addr_pal: 2148014668
  src_addr_pal2: 2148014668
  src_addr_twn: 2148014988
  target_func: CheckBehaviourOverride_EndPatch
  type: branch_insn
- branch_type: b
  name: changeSwitchActivation
  src_addr_jpn: 2157083600
  src_addr_jpn2: 2157083616
  src_addr_kor: 2157101168
  src_addr_ntsc: 2157084304
  src_addr_ntsc2: 2157084320
  src_addr_pal: 2157084304
  src_addr_pal2: 2157084320
  src_addr_twn: 2157101088
  target_func: enableWMSwitch(void)
  type: branch_insn
- branch_type: b
  name: changeSwitchDeactivation
  src_addr_jpn: 2157083632
  src_addr_jpn2: 2157083648
  src_addr_kor: 2157101200
  src_addr_ntsc: 2157084336
  src_addr_ntsc2: 2157084352
  src_addr_pal: 2157084336
  src_addr_pal2: 2157084352
  src_addr_twn: 2157101120
  target_func: disableWMSwitch(void)
  type: branch_insn
- branch_type: b
  name: changeSwitchCheck
  src_addr_jpn: 2157083664
  src_addr_jpn2: 2157083680
  src_addr_kor: 2157101232
  src_addr_ntsc: 2157084368
  src_addr_ntsc2: 2157084384
  src_addr_pal: 2157084368
  src_addr_pal2: 2157084384
  src_addr_twn: 2157101152
  target_func: getWMSwitch(void)
  type: branch_insn
- addr_jpn: 2148251436
  addr_jpn2: 2148251436
  addr_kor: 2148251836
  addr_ntsc: 2148251564
  addr_ntsc2: 2148251564
  addr_pal: 2148251644
  addr_pal2: 2148251644
  addr_twn: 2148251836
  data: '38000010'
  name: setProperSwitchFlagInExtras
  type: patch
- branch_type: bl
  name: fixSwitchFlagCheck1
  src_addr_jpn: 2147976416
  src_addr_jpn2: 2147976416
  src_addr_kor: 2147976736
  src_addr_ntsc: 2147976416
  src_addr_ntsc2: 2147976416
  src_addr_pal: 2147976416
  src_addr_pal2: 2147976416
  src_addr_twn: 2147976736
  target_func: checkSwitchBit5_r0r5
  type: branch_insn
- branch_type: bl
  name: fixSwitchFlagCheck2
  src_addr_jpn: 2148459840
  src_addr_jpn2: 2148459840
  src_addr_kor: 2148460240
  src_addr_ntsc: 2148459968
  src_addr_ntsc2: 2148459968
  src_addr_pal: 2148460240
  src_addr_pal2: 2148460240
  src_addr_twn: 2148460240
  target_func: checkSwitchBit5_r4r4
  type: branch_insn
- branch_type: bl
  name: fixSwitchFlagCheck3
  src_addr_jpn: 2148514212
  src_addr_jpn2: 2148514212
  src_addr_kor: 2148514628
  src_addr_ntsc: 2148514340
  src_addr_ntsc2: 2148514340
  src_addr_pal: 2148514612
  src_addr_pal2: 2148514612
  src_addr_twn: 2148514628
  target_func: checkSwitchBit5_r0r4
  type: branch_insn
- branch_type: b
  name: fixSwitchFlagCheck4
  src_addr_jpn: 2148541532
  src_addr_jpn2: 2148541532
  src_addr_kor: 2148542188
  src_addr_ntsc: 2148541660
  src_addr_ntsc2: 2148541660
  src_addr_pal: 2148541932
  src_addr_pal2: 2148541932
  src_addr_twn: 2148542188
  target_func: checkSwitchBit5_ReplayChooser
  type: branch_insn
- branch_type: bl
  name: fixSwitchFlagCheck5
  src_addr_jpn: 2156717228
  src_addr_jpn2: 2156717244
  src_addr_kor: 2156734876
  src_addr_ntsc: 2156717852
  src_addr_ntsc2: 2156717868
  src_addr_pal: 2156717852
  src_addr_pal2: 2156717868
  src_addr_twn: 2156734796
  target_func: checkSwitchBit5_r0r3
  type: branch_insn
- branch_type: bl
  name: fixSwitchFlagCheck6
  src_addr_jpn: 2156717304
  src_addr_jpn2: 2156717320
  src_addr_kor: 2156734952
  src_addr_ntsc: 2156717928
  src_addr_ntsc2: 2156717944
  src_addr_pal: 2156717928
  src_addr_pal2: 2156717944
  src_addr_twn: 2156734872
  target_func: checkSwitchBit5_r0r3
  type: branch_insn
- branch_type: bl
  name: fixSwitchFlagCheck7
  src_addr_jpn: 2156717516
  src_addr_jpn2: 2156717532
  src_addr_kor: 2156735164
  src_addr_ntsc: 2156718140
  src_addr_ntsc2: 2156718156
  src_addr_pal: 2156718140
  src_addr_pal2: 2156718156
  src_addr_twn: 2156735084
  target_func: checkSwitchBit5_r0r3
  type: branch_insn
- branch_type: bl
  name: fixSwitchFlagCheck8
  src_addr_jpn: 2156718936
  src_addr_jpn2: 2156718952
  src_addr_kor: 2156736584
  src_addr_ntsc: 2156719560
  src_addr_ntsc2: 2156719576
  src_addr_pal: 2156719560
  src_addr_pal2: 2156719576
  src_addr_twn: 2156736504
  target_func: checkSwitchBit5_r0r3
  type: branch_insn
- branch_type: bl
  name: fixSwitchFlagCheck9
  src_addr_jpn: 2156846212
  src_addr_jpn2: 2156846228
  src_addr_kor: 2156863860
  src_addr_ntsc: 2156846916
  src_addr_ntsc2: 2156846932
  src_addr_pal: 2156846916
  src_addr_pal2: 2156846932
  src_addr_twn: 2156863780
  target_func: checkSwitchBit5_r0r3
  type: branch_insn
- branch_type: bl
  name: fixSwitchFlagCheck10
  src_addr_jpn: 2156901688
  src_addr_jpn2: 2156901704
  src_addr_kor: 2156919288
  src_addr_ntsc: 2156902392
  src_addr_ntsc2: 2156902408
  src_addr_pal: 2156902392
  src_addr_pal2: 2156902408
  src_addr_twn: 2156919208
  target_func: checkSwitchBit5_r0r3
  type: branch_insn
- branch_type: bl
  name: fixSwitchFlagCheck11
  src_addr_jpn: 2156905968
  src_addr_jpn2: 2156905984
  src_addr_kor: 2156923664
  src_addr_ntsc: 2156906672
  src_addr_ntsc2: 2156906688
  src_addr_pal: 2156906672
  src_addr_pal2: 2156906688
  src_addr_twn: 2156923584
  target_func: checkSwitchBit5_r0r3
  type: branch_insn
- branch_type: bl
  name: fixSwitchFlagCheck12
  src_addr_jpn: 2156946356
  src_addr_jpn2: 2156946372
  src_addr_kor: 2156964036
  src_addr_ntsc: 2156947060
  src_addr_ntsc2: 2156947076
  src_addr_pal: 2156947060
  src_addr_pal2: 2156947076
  src_addr_twn: 2156963956
  target_func: checkSwitchBit5_r0r3
  type: branch_insn
- branch_type: bl
  name: fixSwitchFlagCheck13
  src_addr_jpn: 2157072424
  src_addr_jpn2: 2157072440
  src_addr_kor: 2157089992
  src_addr_ntsc: 2157073128
  src_addr_ntsc2: 2157073144
  src_addr_pal: 2157073128
  src_addr_pal2: 2157073144
  src_addr_twn: 2157089912
  target_func: checkSwitchBit5_r6r6
  type: branch_insn
- branch_type: bl
  name: fixSwitchFlagCheck14
  src_addr_jpn: 2157073420
  src_addr_jpn2: 2157073436
  src_addr_kor: 2157090988
  src_addr_ntsc: 2157074124
  src_addr_ntsc2: 2157074140
  src_addr_pal: 2157074124
  src_addr_pal2: 2157074140
  src_addr_twn: 2157090908
  target_func: checkSwitchBit5_r6r6
  type: branch_insn
- branch_type: bl
  name: fixSwitchFlagCheck15
  src_addr_jpn: 2158768360
  src_addr_jpn2: 2158768392
  src_addr_kor: 2158792120
  src_addr_ntsc: 2158770184
  src_addr_ntsc2: 2158770216
  src_addr_pal: 2158770152
  src_addr_pal2: 2158770184
  src_addr_twn: 2158791992
  target_func: checkSwitchBit5_r6r6
  type: branch_insn
source_files:
- ../src/switchblock.S
- ../src/palaceDude.cpp
